
Microsoft Visual Studio Solution File, Format Version 12.00
# Visual Studio Version 17
VisualStudioVersion = 17.2.32630.192
MinimumVisualStudioVersion = 10.0.40219.1
Project("{FAE04EC0-301F-11D3-BF4B-00C04F79EFBC}") = "MusicPlayer", "MusicPlayer.csproj", "{84B0B95A-57BA-4989-A340-84F21408A4FF}"
EndProject
Global
	GlobalSection(SolutionConfigurationPlatforms) = preSolution
		Debug|Any CPU = Debug|Any CPU
		Release|Any CPU = Release|Any CPU
	EndGlobalSection
	GlobalSection(ProjectConfigurationPlatforms) = postSolution
		{84B0B95A-57BA-4989-A340-84F21408A4FF}.Debug|Any CPU.ActiveCfg = Debug|Any CPU
		{84B0B95A-57BA-4989-A340-84F21408A4FF}.Debug|Any CPU.Build.0 = Debug|Any CPU
		{84B0B95A-57BA-4989-A340-84F21408A4FF}.Release|Any CPU.ActiveCfg = Release|Any CPU
		{84B0B95A-57BA-4989-A340-84F21408A4FF}.Release|Any CPU.Build.0 = Release|Any CPU
	EndGlobalSection
	GlobalSection(SolutionProperties) = preSolution
		HideSolutionNode = FALSE
	EndGlobalSection
	GlobalSection(ExtensibilityGlobals) = postSolution
		SolutionGuid = {EF9D83FC-0929-4A89-8D91-E1E120BAF5AF}
	EndGlobalSection
EndGlobal
